// !$*UTF8*$!
{
	archiveVersion = 1;
	classes = {
	};
	objectVersion = 50;
	objects = {

/* Begin PBXBuildFile section */
		D71A897523466BD60020279E /* AppDelegate.swift in Sources */ = {isa = PBXBuildFile; fileRef = D71A897423466BD60020279E /* AppDelegate.swift */; };
		D71A897723466BD60020279E /* ViewController.swift in Sources */ = {isa = PBXBuildFile; fileRef = D71A897623466BD60020279E /* ViewController.swift */; };
		D71A897A23466BD60020279E /* Main.storyboard in Resources */ = {isa = PBXBuildFile; fileRef = D71A897823466BD60020279E /* Main.storyboard */; };
		D71A897C23466BD70020279E /* Assets.xcassets in Resources */ = {isa = PBXBuildFile; fileRef = D71A897B23466BD70020279E /* Assets.xcassets */; };
		D71A897F23466BD70020279E /* LaunchScreen.storyboard in Resources */ = {isa = PBXBuildFile; fileRef = D71A897D23466BD70020279E /* LaunchScreen.storyboard */; };
		D71A898723466E340020279E /* Scene2ViewController.swift in Sources */ = {isa = PBXBuildFile; fileRef = D71A898623466E340020279E /* Scene2ViewController.swift */; };
		D71A8989234675860020279E /* Favorites.swift in Sources */ = {isa = PBXBuildFile; fileRef = D71A8988234675860020279E /* Favorites.swift */; };
/* End PBXBuildFile section */

/* Begin PBXFileReference section */
		D71A897123466BD60020279E /* FavoriteBooks.app */ = {isa = PBXFileReference; explicitFileType = wrapper.application; includeInIndex = 0; path = FavoriteBooks.app; sourceTree = BUILT_PRODUCTS_DIR; };
		D71A897423466BD60020279E /* AppDelegate.swift */ = {isa = PBXFileReference; lastKnownFileType = sourcecode.swift; path = AppDelegate.swift; sourceTree = "<group>"; };
		D71A897623466BD60020279E /* ViewController.swift */ = {isa = PBXFileReference; lastKnownFileType = sourcecode.swift; path = ViewController.swift; sourceTree = "<group>"; };
		D71A897923466BD60020279E /* Base */ = {isa = PBXFileReference; lastKnownFileType = file.storyboard; name = Base; path = Base.lproj/Main.storyboard; sourceTree = "<group>"; };
		D71A897B23466BD70020279E /* Assets.xcassets */ = {isa = PBXFileReference; lastKnownFileType = folder.assetcatalog; path = Assets.xcassets; sourceTree = "<group>"; };
		D71A897E23466BD70020279E /* Base */ = {isa = PBXFileReference; lastKnownFileType = file.storyboard; name = Base; path = Base.lproj/LaunchScreen.storyboard; sourceTree = "<group>"; };
		D71A898023466BD70020279E /* Info.plist */ = {isa = PBXFileReference; lastKnownFileType = text.plist.xml; path = Info.plist; sourceTree = "<group>"; };
		D71A898623466E340020279E /* Scene2ViewController.swift */ = {isa = PBXFileReference; lastKnownFileType = sourcecode.swift; path = Scene2ViewController.swift; sourceTree = "<group>"; };
		D71A8988234675860020279E /* Favorites.swift */ = {isa = PBXFileReference; lastKnownFileType = sourcecode.swift; path = Favorites.swift; sourceTree = "<group>"; };
/* End PBXFileReference section */

/* Begin PBXFrameworksBuildPhase section */
		D71A896E23466BD60020279E /* Frameworks */ = {
			isa = PBXFrameworksBuildPhase;
			buildActionMask = 2147483647;
			files = (
			);
			runOnlyForDeploymentPostprocessing = 0;
		};
/* End PBXFrameworksBuildPhase section */

/* Begin PBXGroup section */
		D71A896823466BD60020279E = {
			isa = PBXGroup;
			children = (
				D71A897323466BD60020279E /* FavoriteBooks */,
				D71A897223466BD60020279E /* Products */,
			);
			sourceTree = "<group>";
		};
		D71A897223466BD60020279E /* Products */ = {
			isa = PBXGroup;
			children = (
				D71A897123466BD60020279E /* FavoriteBooks.app */,
			);
			name = Products;
			sourceTree = "<group>";
		};
		D71A897323466BD60020279E /* FavoriteBooks */ = {
			isa = PBXGroup;
			children = (
				D71A897423466BD60020279E /* AppDelegate.swift */,
				D71A897623466BD60020279E /* ViewController.swift */,
				D71A897823466BD60020279E /* Main.storyboard */,
				D71A8988234675860020279E /* Favorites.swift */,
				D71A898623466E340020279E /* Scene2ViewController.swift */,
				D71A897B23466BD70020279E /* Assets.xcassets */,
				D71A897D23466BD70020279E /* LaunchScreen.storyboard */,
				D71A898023466BD70020279E /* Info.plist */,
			);
			path = FavoriteBooks;
			sourceTree = "<group>";
		};
/* End PBXGroup section */

/* Begin PBXNativeTarget section */
		D71A897023466BD60020279E /* FavoriteBooks */ = {
			isa = PBXNativeTarget;
			buildConfigurationList = D71A898323466BD70020279E /* Build configuration list for PBXNativeTarget "FavoriteBooks" */;
			buildPhases = (
				D71A896D23466BD60020279E /* Sources */,
				D71A896E23466BD60020279E /* Frameworks */,
				D71A896F23466BD60020279E /* Resources */,
			);
			buildRules = (
			);
			dependencies = (
			);
			name = FavoriteBooks;
			productName = FavoriteBooks;
			productReference = D71A897123466BD60020279E /* FavoriteBooks.app */;
			productType = "com.apple.product-type.application";
		};
/* End PBXNativeTarget section */

/* Begin PBXProject section */
		D71A896923466BD60020279E /* Project object */ = {
			isa = PBXProject;
			attributes = {
				LastSwiftUpdateCheck = 1030;
				LastUpgradeCheck = 1030;
				ORGANIZATIONNAME = "Avra Saslow";
				TargetAttributes = {
					D71A897023466BD60020279E = {
						CreatedOnToolsVersion = 10.3;
					};
				};
			};
			buildConfigurationList = D71A896C23466BD60020279E /* Build configuration list for PBXProject "FavoriteBooks" */;
			compatibilityVersion = "Xcode 9.3";
			developmentRegion = en;
			hasScannedForEncodings = 0;
			knownRegions = (
				en,
				Base,
			);
			mainGroup = D71A896823466BD60020279E;
			productRefGroup = D71A897223466BD60020279E /* Products */;
			projectDirPath = "";
			projectRoot = "";
			targets = (
				D71A897023466BD60020279E /* FavoriteBooks */,
			);
		};
/* End PBXProject section */

/* Begin PBXResourcesBuildPhase section */
		D71A896F23466BD60020279E /* Resources */ = {
			isa = PBXResourcesBuildPhase;
			buildActionMask = 2147483647;
			files = (
				D71A897F23466BD70020279E /* LaunchScreen.storyboard in Resources */,
				D71A897C23466BD70020279E /* Assets.xcassets in Resources */,
				D71A897A23466BD60020279E /* Main.storyboard in Resources */,
			);
			runOnlyForDeploymentPostprocessing = 0;
		};
/* End PBXResourcesBuildPhase section */

/* Begin PBXSourcesBuildPhase section */
		D71A896D23466BD60020279E /* Sources */ = {
			isa = PBXSourcesBuildPhase;
			buildActionMask = 2147483647;
			files = (
				D71A897723466BD60020279E /* ViewController.swift in Sources */,
				D71A8989234675860020279E /* Favorites.swift in Sources */,
				D71A897523466BD60020279E /* AppDelegate.swift in Sources */,
				D71A898723466E340020279E /* Scene2ViewController.swift in Sources */,
			);
			runOnlyForDeploymentPostprocessing = 0;
		};
/* End PBXSourcesBuildPhase section */

/* Begin PBXVariantGroup section */
		D71A897823466BD60020279E /* Main.storyboard */ = {
			isa = PBXVariantGroup;
			children = (
				D71A897923466BD60020279E /* Base */,
			);
			name = Main.storyboard;
			sourceTree = "<group>";
		};
		D71A897D23466BD70020279E /* LaunchScreen.storyboard */ = {
			isa = PBXVariantGroup;
			children = (
				D71A897E23466BD70020279E /* Base */,
			);
			name = LaunchScreen.storyboard;
			sourceTree = "<group>";
		};
/* End PBXVariantGroup section */

/* Begin XCBuildConfiguration section */
		D71A898123466BD70020279E /* Debug */ = {
			isa = XCBuildConfiguration;
			buildSettings = {
				ALWAYS_SEARCH_USER_PATHS = NO;
				CLANG_ANALYZER_NONNULL = YES;
				CLANG_ANALYZER_NUMBER_OBJECT_CONVERSION = YES_AGGRESSIVE;
				CLANG_CXX_LANGUAGE_STANDARD = "gnu++14";
				CLANG_CXX_LIBRARY = "libc++";
				CLANG_ENABLE_MODULES = YES;
				CLANG_ENABLE_OBJC_ARC = YES;
				CLANG_ENABLE_OBJC_WEAK = YES;
				CLANG_WARN_BLOCK_CAPTURE_AUTORELEASING = YES;
				CLANG_WARN_BOOL_CONVERSION = YES;
				CLANG_WARN_COMMA = YES;
				CLANG_WARN_CONSTANT_CONVERSION = YES;
				CLANG_WARN_DEPRECATED_OBJC_IMPLEMENTATIONS = YES;
				CLANG_WARN_DIRECT_OBJC_ISA_USAGE = YES_ERROR;
				CLANG_WARN_DOCUMENTATION_COMMENTS = YES;
				CLANG_WARN_EMPTY_BODY = YES;
				CLANG_WARN_ENUM_CONVERSION = YES;
				CLANG_WARN_INFINITE_RECURSION = YES;
				CLANG_WARN_INT_CONVERSION = YES;
				CLANG_WARN_NON_LITERAL_NULL_CONVERSION = YES;
				CLANG_WARN_OBJC_IMPLICIT_RETAIN_SELF = YES;
				CLANG_WARN_OBJC_LITERAL_CONVERSION = YES;
				CLANG_WARN_OBJC_ROOT_CLASS = YES_ERROR;
				CLANG_WARN_RANGE_LOOP_ANALYSIS = YES;
				CLANG_WARN_STRICT_PROTOTYPES = YES;
				CLANG_WARN_SUSPICIOUS_MOVE = YES;
				CLANG_WARN_UNGUARDED_AVAILABILITY = YES_AGGRESSIVE;
				CLANG_WARN_UNREACHABLE_CODE = YES;
				CLANG_WARN__DUPLICATE_METHOD_MATCH = YES;
				CODE_SIGN_IDENTITY = "iPhone Developer";
				COPY_PHASE_STRIP = NO;
				DEBUG_INFORMATION_FORMAT = dwarf;
				ENABLE_STRICT_OBJC_MSGSEND = YES;
				ENABLE_TESTABILITY = YES;
				GCC_C_LANGUAGE_STANDARD = gnu11;
				GCC_DYNAMIC_NO_PIC = NO;
				GCC_NO_COMMON_BLOCKS = YES;
				GCC_OPTIMIZATION_LEVEL = 0;
				GCC_PREPROCESSOR_DEFINITIONS = (
					"DEBUG=1",
					"$(inherited)",
				);
				GCC_WARN_64_TO_32_BIT_CONVERSION = YES;
				GCC_WARN_ABOUT_RETURN_TYPE = YES_ERROR;
				GCC_WARN_UNDECLARED_SELECTOR = YES;
				GCC_WARN_UNINITIALIZED_AUTOS = YES_AGGRESSIVE;
				GCC_WARN_UNUSED_FUNCTION = YES;
				GCC_WARN_UNUSED_VARIABLE = YES;
				IPHONEOS_DEPLOYMENT_TARGET = 12.4;
				MTL_ENABLE_DEBUG_INFO = INCLUDE_SOURCE;
				MTL_FAST_MATH = YES;
				ONLY_ACTIVE_ARCH = YES;
				SDKROOT = iphoneos;
				SWIFT_ACTIVE_COMPILATION_CONDITIONS = DEBUG;
				SWIFT_OPTIMIZATION_LEVEL = "-Onone";
			};
			name = Debug;
		};
		D71A898223466BD70020279E /* Release */ = {
			isa = XCBuildConfiguration;
			buildSettings = {
				ALWAYS_SEARCH_USER_PATHS = NO;
				CLANG_ANALYZER_NONNULL = YES;
				CLANG_ANALYZER_NUMBER_OBJECT_CONVERSION = YES_AGGRESSIVE;
				CLANG_CXX_LANGUAGE_STANDARD = "gnu++14";
				CLANG_CXX_LIBRARY = "libc++";
				CLANG_ENABLE_MODULES = YES;
				CLANG_ENABLE_OBJC_ARC = YES;
				CLANG_ENABLE_OBJC_WEAK = YES;
				CLANG_WARN_BLOCK_CAPTURE_AUTORELEASING = YES;
				CLANG_WARN_BOOL_CONVERSION = YES;
				CLANG_WARN_COMMA = YES;
				CLANG_WARN_CONSTANT_CONVERSION = YES;
				CLANG_WARN_DEPRECATED_OBJC_IMPLEMENTATIONS = YES;
				CLANG_WARN_DIRECT_OBJC_ISA_USAGE = YES_ERROR;
				CLANG_WARN_DOCUMENTATION_COMMENTS = YES;
				CLANG_WARN_EMPTY_BODY = YES;
				CLANG_WARN_ENUM_CONVERSION = YES;
				CLANG_WARN_INFINITE_RECURSION = YES;
				CLANG_WARN_INT_CONVERSION = YES;
				CLANG_WARN_NON_LITERAL_NULL_CONVERSION = YES;
				CLANG_WARN_OBJC_IMPLICIT_RETAIN_SELF = YES;
				CLANG_WARN_OBJC_LITERAL_CONVERSION = YES;
				CLANG_WARN_OBJC_ROOT_CLASS = YES_ERROR;
				CLANG_WARN_RANGE_LOOP_ANALYSIS = YES;
				CLANG_WARN_STRICT_PROTOTYPES = YES;
				CLANG_WARN_SUSPICIOUS_MOVE = YES;
				CLANG_WARN_UNGUARDED_AVAILABILITY = YES_AGGRESSIVE;
				CLANG_WARN_UNREACHABLE_CODE = YES;
				CLANG_WARN__DUPLICATE_METHOD_MATCH = YES;
				CODE_SIGN_IDENTITY = "iPhone Developer";
				COPY_PHASE_STRIP = NO;
				DEBUG_INFORMATION_FORMAT = "dwarf-with-dsym";
				ENABLE_NS_ASSERTIONS = NO;
				ENABLE_STRICT_OBJC_MSGSEND = YES;
				GCC_C_LANGUAGE_STANDARD = gnu11;
				GCC_NO_COMMON_BLOCKS = YES;
				GCC_WARN_64_TO_32_BIT_CONVERSION = YES;
				GCC_WARN_ABOUT_RETURN_TYPE = YES_ERROR;
				GCC_WARN_UNDECLARED_SELECTOR = YES;
				GCC_WARN_UNINITIALIZED_AUTOS = YES_AGGRESSIVE;
				GCC_WARN_UNUSED_FUNCTION = YES;
				GCC_WARN_UNUSED_VARIABLE = YES;
				IPHONEOS_DEPLOYMENT_TARGET = 12.4;
				MTL_ENABLE_DEBUG_INFO = NO;
				MTL_FAST_MATH = YES;
				SDKROOT = iphoneos;
				SWIFT_COMPILATION_MODE = wholemodule;
				SWIFT_OPTIMIZATION_LEVEL = "-O";
				VALIDATE_PRODUCT = YES;
			};
			name = Release;
		};
		D71A898423466BD70020279E /* Debug */ = {
			isa = XCBuildConfiguration;
			buildSettings = {
				ASSETCATALOG_COMPILER_APPICON_NAME = AppIcon;
				CODE_SIGN_STYLE = Automatic;
				INFOPLIST_FILE = FavoriteBooks/Info.plist;
				LD_RUNPATH_SEARCH_PATHS = (
					"$(inherited)",
					"@executable_path/Frameworks",
				);
				PRODUCT_BUNDLE_IDENTIFIER = ATLAS.FavoriteBooks;
				PRODUCT_NAME = "$(TARGET_NAME)";
				SWIFT_VERSION = 5.0;
				TARGETED_DEVICE_FAMILY = "1,2";
			};
			name = Debug;
		};
		D71A898523466BD70020279E /* Release */ = {
			isa = XCBuildConfiguration;
			buildSettings = {
				ASSETCATALOG_COMPILER_APPICON_NAME = AppIcon;
				CODE_SIGN_STYLE = Automatic;
				INFOPLIST_FILE = FavoriteBooks/Info.plist;
				LD_RUNPATH_SEARCH_PATHS = (
					"$(inherited)",
					"@executable_path/Frameworks",
				);
				PRODUCT_BUNDLE_IDENTIFIER = ATLAS.FavoriteBooks;
				PRODUCT_NAME = "$(TARGET_NAME)";
				SWIFT_VERSION = 5.0;
				TARGETED_DEVICE_FAMILY = "1,2";
			};
			name = Release;
		};
/* End XCBuildConfiguration section */

/* Begin XCConfigurationList section */
		D71A896C23466BD60020279E /* Build configuration list for PBXProject "FavoriteBooks" */ = {
			isa = XCConfigurationList;
			buildConfigurations = (
				D71A898123466BD70020279E /* Debug */,
				D71A898223466BD70020279E /* Release */,
			);
			defaultConfigurationIsVisible = 0;
			defaultConfigurationName = Release;
		};
		D71A898323466BD70020279E /* Build configuration list for PBXNativeTarget "FavoriteBooks" */ = {
			isa = XCConfigurationList;
			buildConfigurations = (
				D71A898423466BD70020279E /* Debug */,
				D71A898523466BD70020279E /* Release */,
			);
			defaultConfigurationIsVisible = 0;
			defaultConfigurationName = Release;
		};
/* End XCConfigurationList section */
	};
	rootObject = D71A896923466BD60020279E /* Project object */;
}
